lockfileVersion: '9.0'

settings:
  autoInstallPeers: true
  excludeLinksFromLockfile: false

importers:

  .:
    dependencies:
      isoq:
        specifier: link:../..
        version: link:../..
      serve-fetch:
        specifier: ^1.0.1
        version: 1.0.4

packages:

  serve-fetch@1.0.4:
    resolution: {integrity: sha512-rjZ9HosMpJiT2f+f0/Z39EJXSdjhDGYU++WWfzUk0Lb8yOhnWL2JylF22zq6k1NNfMFipImdpmAjMK2Azzvt5w==}
    hasBin: true

snapshots:

  serve-fetch@1.0.4: {}
