{
  "name": "error",
  "version": "1.0.0",
  "lockfileVersion": 3,
  "requires": true,
  "packages": {
    "": {
      "name": "error",
      "version": "1.0.0",
      "license": "MIT",
      "dependencies": {
        "isoq": "file:../..",
        "serve-fetch": "^1.0.1"
      }
    },
    "../..": {
      "version": "1.0.13",
      "license": "MIT",
      "dependencies": {
        "esbuild": "^0.19.2",
        "preact": "^10.17.1",
        "preact-render-to-string": "^6.2.1",
        "preact-ssr-prepass": "^1.2.1",
        "yargs": "^17.7.2"
      },
      "bin": {
        "isoq": "src/main/isoq-cli.js"
      }
    },
    "node_modules/isoq": {
      "resolved": "../..",
      "link": true
    },
    "node_modules/serve-fetch": {
      "version": "1.0.1",
      "resolved": "https://registry.npmjs.org/serve-fetch/-/serve-fetch-1.0.1.tgz",
      "integrity": "sha512-MMCJ9uDRong2kdJTorF58Waqc0g/NWo12tNy/qNekuomErCvvJL8aGmjIUWCzIO3Bs0X8oFWDHAfCITv+DN0jw==",
      "bin": {
        "serve-fetch": "src/serve-fetch-cli.js"
      }
    }
  }
}
