# THIS IS AN AUTOGENERATED FILE. DO NOT EDIT THIS FILE DIRECTLY.
# yarn lockfile v1


"isoq@file:../..":
  version "1.0.13"
  resolved "file:../.."
  dependencies:
    esbuild "^0.19.2"
    preact "^10.17.1"
    preact-render-to-string "^6.2.1"
    preact-ssr-prepass "^1.2.1"
    yargs "^17.7.2"

serve-fetch@^1.0.1:
  version "1.0.1"
  resolved "https://registry.npmjs.org/serve-fetch/-/serve-fetch-1.0.1.tgz"
  integrity sha512-MMCJ9uDRong2kdJTorF58Waqc0g/NWo12tNy/qNekuomErCvvJL8aGmjIUWCzIO3Bs0X8oFWDHAfCITv+DN0jw==
